{
  "object": {
    "pins": [
      {
        "package": "CUtility",
        "repositoryURL": "https://github.com/kojirou1994/CUtility.git",
        "state": {
          "branch": null,
          "revision": "acd35be02969988c627a995681350e7d7507a6a1",
          "version": "0.2.0"
        }
      },
      {
        "package": "Escape",
        "repositoryURL": "https://github.com/kojirou1994/Escape.git",
        "state": {
          "branch": null,
          "revision": "3c728a5eb731ea0d990291778c5bbe168613a4b4",
          "version": "0.0.1"
        }
      },
      {
        "package": "swift-algorithms",
        "repositoryURL": "https://github.com/apple/swift-algorithms.git",
        "state": {
          "branch": null,
          "revision": "b14b7f4c528c942f121c8b860b9410b2bf57825e",
          "version": "1.0.0"
        }
      },
      {
        "package": "swift-numerics",
        "repositoryURL": "https://github.com/apple/swift-numerics",
        "state": {
          "branch": null,
          "revision": "0a5bc04095a675662cf24757cc0640aa2204253b",
          "version": "1.0.2"
        }
      },
      {
        "package": "swift-system",
        "repositoryURL": "https://github.com/apple/swift-system.git",
        "state": {
          "branch": null,
          "revision": "836bc4557b74fe6d2660218d56e3ce96aff76574",
          "version": "1.1.1"
        }
      },
      {
        "package": "swift-tools-support-core",
        "repositoryURL": "https://github.com/apple/swift-tools-support-core.git",
        "state": {
          "branch": null,
          "revision": "284a41800b7c5565512ec6ae21ee818aac1f84ac",
          "version": "0.4.0"
        }
      },
      {
        "package": "SyscallValue",
        "repositoryURL": "https://github.com/kojirou1994/SyscallValue.git",
        "state": {
          "branch": null,
          "revision": "a2576782e2f360a9a28ed7b4378d68109b443fd9",
          "version": "0.0.1"
        }
      },
      {
        "package": "SystemUp",
        "repositoryURL": "https://github.com/kojirou1994/SystemUp.git",
        "state": {
          "branch": null,
          "revision": "86a0555c9169d73f78798365e23bac41fd2e7295",
          "version": "0.3.0"
        }
      }
    ]
  },
  "version": 1
}
