{
  "object": {
    "pins": [
      {
        "package": "swift-tools-support-core",
        "repositoryURL": "https://github.com/apple/swift-tools-support-core.git",
        "state": {
          "branch": null,
          "revision": "ab6339b6a33b69886b3cf2254d3326eddfe58eb0",
          "version": "0.2.2"
        }
      }
    ]
  },
  "version": 1
}
