{
  "originHash" : "b225173f6a5be11e158bc046c401504fe1c55c6cbe9a75c3616d28398dc50c4b",
  "pins" : [
    {
      "identity" : "cutility",
      "kind" : "remoteSourceControl",
      "location" : "https://github.com/kojirou1994/CUtility.git",
      "state" : {
        "branch" : "main",
        "revision" : "3b3e146f566602b3739d290967c4623bb883bba5"
      }
    },
    {
      "identity" : "escape",
      "kind" : "remoteSourceControl",
      "location" : "https://github.com/kojirou1994/Escape.git",
      "state" : {
        "revision" : "3c728a5eb731ea0d990291778c5bbe168613a4b4",
        "version" : "0.0.1"
      }
    },
    {
      "identity" : "littlec",
      "kind" : "remoteSourceControl",
      "location" : "https://github.com/kojirou1994/LittleC.git",
      "state" : {
        "branch" : "main",
        "revision" : "861444dfe0bec375ae5395d97b4437fe419f9777"
      }
    },
    {
      "identity" : "swift-algorithms",
      "kind" : "remoteSourceControl",
      "location" : "https://github.com/apple/swift-algorithms.git",
      "state" : {
        "revision" : "87e50f483c54e6efd60e885f7f5aa946cee68023",
        "version" : "1.2.1"
      }
    },
    {
      "identity" : "swift-numerics",
      "kind" : "remoteSourceControl",
      "location" : "https://github.com/apple/swift-numerics.git",
      "state" : {
        "revision" : "0c0290ff6b24942dadb83a929ffaaa1481df04a2",
        "version" : "1.1.1"
      }
    },
    {
      "identity" : "systemup",
      "kind" : "remoteSourceControl",
      "location" : "https://github.com/kojirou1994/SystemUp.git",
      "state" : {
        "branch" : "main",
        "revision" : "bcf69629b850481466d9bd376be3c1c8888761eb"
      }
    }
  ],
  "version" : 3
}
